
Microsoft Visual Studio Solution File, Format Version 12.00
# Visual Studio Version 16
VisualStudioVersion = 16.0.30803.129
MinimumVisualStudioVersion = 10.0.40219.1
Project("{8BC9CEB8-8B4A-11D0-8D11-00A0C91BC942}") = "DNASpeedTest", "DNASpeedTest\DNASpeedTest.vcxproj", "{86E0D290-6E6F-4478-A4F4-79F0E128102D}"
EndProject
Project("{8BC9CEB8-8B4A-11D0-8D11-00A0C91BC942}") = "DNASpeedTestRevised", "DNASpeedTestRevised\DNASpeedTestRevised.vcxproj", "{C2F84E9A-2BEA-46BD-B450-63AE680E5649}"
EndProject
Global
	GlobalSection(SolutionConfigurationPlatforms) = preSolution
		Debug|x64 = Debug|x64
		Debug|x86 = Debug|x86
		Release|x64 = Release|x64
		Release|x86 = Release|x86
	EndGlobalSection
	GlobalSection(ProjectConfigurationPlatforms) = postSolution
		{86E0D290-6E6F-4478-A4F4-79F0E128102D}.Debug|x64.ActiveCfg = Debug|x64
		{86E0D290-6E6F-4478-A4F4-79F0E128102D}.Debug|x64.Build.0 = Debug|x64
		{86E0D290-6E6F-4478-A4F4-79F0E128102D}.Debug|x86.ActiveCfg = Debug|Win32
		{86E0D290-6E6F-4478-A4F4-79F0E128102D}.Debug|x86.Build.0 = Debug|Win32
		{86E0D290-6E6F-4478-A4F4-79F0E128102D}.Release|x64.ActiveCfg = Release|x64
		{86E0D290-6E6F-4478-A4F4-79F0E128102D}.Release|x64.Build.0 = Release|x64
		{86E0D290-6E6F-4478-A4F4-79F0E128102D}.Release|x86.ActiveCfg = Release|Win32
		{86E0D290-6E6F-4478-A4F4-79F0E128102D}.Release|x86.Build.0 = Release|Win32
		{C2F84E9A-2BEA-46BD-B450-63AE680E5649}.Debug|x64.ActiveCfg = Debug|x64
		{C2F84E9A-2BEA-46BD-B450-63AE680E5649}.Debug|x64.Build.0 = Debug|x64
		{C2F84E9A-2BEA-46BD-B450-63AE680E5649}.Debug|x86.ActiveCfg = Debug|Win32
		{C2F84E9A-2BEA-46BD-B450-63AE680E5649}.Debug|x86.Build.0 = Debug|Win32
		{C2F84E9A-2BEA-46BD-B450-63AE680E5649}.Release|x64.ActiveCfg = Release|x64
		{C2F84E9A-2BEA-46BD-B450-63AE680E5649}.Release|x64.Build.0 = Release|x64
		{C2F84E9A-2BEA-46BD-B450-63AE680E5649}.Release|x86.ActiveCfg = Release|Win32
		{C2F84E9A-2BEA-46BD-B450-63AE680E5649}.Release|x86.Build.0 = Release|Win32
	EndGlobalSection
	GlobalSection(SolutionProperties) = preSolution
		HideSolutionNode = FALSE
	EndGlobalSection
	GlobalSection(ExtensibilityGlobals) = postSolution
		SolutionGuid = {F809DFE4-F29E-43B0-98AB-18EDC7C8AA65}
	EndGlobalSection
EndGlobal
